{
  "name": "photo-sphere-viewers",
  "version": "1.0.0",
  "lockfileVersion": 1,
  "requires": true,
  "dependencies": {
    "dot": {
      "version": "1.1.3",
      "resolved": "https://registry.npm.taobao.org/dot/download/dot-1.1.3.tgz",
      "integrity": "sha1-NRNg4Ap0i86aH48nwAw5Sn5OHp8="
    },
    "nosleep.js": {
      "version": "0.9.0",
      "resolved": "https://registry.npm.taobao.org/nosleep.js/download/nosleep.js-0.9.0.tgz",
      "integrity": "sha1-DxNxuB3BguO2u9uDfogPFtudcWM=",
      "dev": true
    },
    "photo-sphere-viewer": {
      "version": "3.5.1",
      "resolved": "https://registry.npm.taobao.org/photo-sphere-viewer/download/photo-sphere-viewer-3.5.1.tgz",
      "integrity": "sha1-c+XArw1P25W0WVqwxISWuuxB41k=",
      "requires": {
        "dot": ">=1.0.3",
        "three": ">= 0.85.0",
        "uevent": "~1.0.0"
      }
    },
    "promise-polyfill": {
      "version": "8.1.3",
      "resolved": "https://registry.npm.taobao.org/promise-polyfill/download/promise-polyfill-8.1.3.tgz",
      "integrity": "sha1-jJmzz1PzqRxoIm/9573oHX+QQRY=",
      "dev": true
    },
    "three": {
      "version": "0.113.2",
      "resolved": "https://registry.npm.taobao.org/three/download/three-0.113.2.tgz",
      "integrity": "sha1-BHkdSR/kNZMw+dvnt2fbGL+zXWc="
    },
    "uevent": {
      "version": "1.0.0",
      "resolved": "https://registry.npm.taobao.org/uevent/download/uevent-1.0.0.tgz",
      "integrity": "sha1-KUii1EHReQAEcOIa7RJsZ7AAl2w="
    }
  }
}
